{
  "nodes": {
    "nixpkgs": {
      "locked": {
        "lastModified": 1629656750,
        "narHash": "sha256-8pdLF70pB/E45GyS3GZxRluJzU31vUFgrYKzqDb+ESw=",
        "owner": "NixOS",
        "repo": "nixpkgs",
        "rev": "b7802cf399658db4070a903550a6bb4a057f9677",
        "type": "github"
      },
      "original": {
        "owner": "NixOS",
        "ref": "master",
        "repo": "nixpkgs",
        "type": "github"
      }
    },
    "root": {
      "inputs": {
        "nixpkgs": "nixpkgs"
      }
    }
  },
  "root": "root",
  "version": 7
}
